{
  "version": 4,
  "terraform_version": "1.2.5",
  "serial": 99,
  "lineage": "4641ddf5-2f4f-e2da-66e9-acc3cf2d1cba",
  "outputs": {
    "output_name": {
      "value": "From vfvars created by shaik sucessfull !!!!!!!!",
      "type": "string"
    }
  },
  "resources": [
    {
      "mode": "managed",
      "type": "local_file",
      "name": "myfile",
      "provider": "provider[\"registry.terraform.io/hashicorp/local\"]",
      "instances": [
        {
          "schema_version": 0,
          "attributes": {
            "content": "Hello guys welcome IAS programming",
            "content_base64": null,
            "directory_permission": "0777",
            "file_permission": "0777",
            "filename": "local.txt",
            "id": "7b2328b898e9c6b7bbcd3b90943582e45e03dc7b",
            "sensitive_content": null,
            "source": null
          },
          "sensitive_attributes": [],
          "private": "bnVsbA=="
        }
      ]
    },
    {
      "mode": "managed",
      "type": "local_file",
      "name": "myfile1",
      "provider": "provider[\"registry.terraform.io/hashicorp/local\"]",
      "instances": [
        {
          "schema_version": 0,
          "attributes": {
            "content": "45962676d0bbce1bb175",
            "content_base64": null,
            "directory_permission": "0777",
            "file_permission": "0777",
            "filename": "random_id.txt",
            "id": "224ee953ed7aa26d1f6404291086d7a64d91b6c6",
            "sensitive_content": null,
            "source": null
          },
          "sensitive_attributes": [],
          "private": "bnVsbA==",
          "dependencies": [
            "random_id.content"
          ]
        }
      ]
    },
    {
      "mode": "managed",
      "type": "local_file",
      "name": "myfile2",
      "provider": "provider[\"registry.terraform.io/hashicorp/local\"]",
      "instances": [
        {
          "schema_version": 0,
          "attributes": {
            "content": "hey i am string",
            "content_base64": null,
            "directory_permission": "0777",
            "file_permission": "0777",
            "filename": "String.txt",
            "id": "54372408004ca0383a473394b3ef24748dc51678",
            "sensitive_content": null,
            "source": null
          },
          "sensitive_attributes": [],
          "private": "bnVsbA=="
        }
      ]
    },
    {
      "mode": "managed",
      "type": "local_file",
      "name": "myfile3",
      "provider": "provider[\"registry.terraform.io/hashicorp/local\"]",
      "instances": [
        {
          "schema_version": 0,
          "attributes": {
            "content": "4455",
            "content_base64": null,
            "directory_permission": "0777",
            "file_permission": "0777",
            "filename": "list.txt",
            "id": "b60069c04c8aa62657c2aa75569c961afdde99ce",
            "sensitive_content": null,
            "source": null
          },
          "sensitive_attributes": [],
          "private": "bnVsbA=="
        }
      ]
    },
    {
      "mode": "managed",
      "type": "local_file",
      "name": "myfile4",
      "provider": "provider[\"registry.terraform.io/hashicorp/local\"]",
      "instances": [
        {
          "schema_version": 0,
          "attributes": {
            "content": "9999",
            "content_base64": null,
            "directory_permission": "0777",
            "file_permission": "0777",
            "filename": "number.txt",
            "id": "4170ac2a2782a1516fe9e13d7322ae482c1bd594",
            "sensitive_content": null,
            "source": null
          },
          "sensitive_attributes": [],
          "private": "bnVsbA=="
        }
      ]
    },
    {
      "mode": "managed",
      "type": "local_file",
      "name": "myfile5",
      "provider": "provider[\"registry.terraform.io/hashicorp/local\"]",
      "instances": [
        {
          "schema_version": 0,
          "attributes": {
            "content": "banana",
            "content_base64": null,
            "directory_permission": "0777",
            "file_permission": "0777",
            "filename": "map.txt",
            "id": "250e77f12a5ab6972a0895d290c4792f0a326ea8",
            "sensitive_content": null,
            "source": null
          },
          "sensitive_attributes": [],
          "private": "bnVsbA=="
        }
      ]
    },
    {
      "mode": "managed",
      "type": "local_file",
      "name": "myfile6",
      "provider": "provider[\"registry.terraform.io/hashicorp/local\"]",
      "instances": [
        {
          "schema_version": 0,
          "attributes": {
            "content": "2022",
            "content_base64": null,
            "directory_permission": "0777",
            "file_permission": "0777",
            "filename": "object.txt",
            "id": "e575dccc71140754dd85beda5965b6a358150309",
            "sensitive_content": null,
            "source": null
          },
          "sensitive_attributes": [],
          "private": "bnVsbA=="
        }
      ]
    },
    {
      "mode": "managed",
      "type": "local_file",
      "name": "myfile7",
      "provider": "provider[\"registry.terraform.io/hashicorp/local\"]",
      "instances": [
        {
          "schema_version": 0,
          "attributes": {
            "content": "From vfvars created by shaik sucessfull !!!!!!!!",
            "content_base64": null,
            "directory_permission": "0777",
            "file_permission": "0777",
            "filename": "output.txt",
            "id": "a4b0467fba344f91f87be0a7741b9ef031c9ffcc",
            "sensitive_content": null,
            "source": null
          },
          "sensitive_attributes": [],
          "private": "bnVsbA=="
        }
      ]
    },
    {
      "mode": "managed",
      "type": "local_file",
      "name": "myfile8",
      "provider": "provider[\"registry.terraform.io/hashicorp/local\"]",
      "instances": [
        {
          "schema_version": 0,
          "attributes": {
            "content": "From vfvars created by shaik sucessfull !!!!!!!!",
            "content_base64": null,
            "directory_permission": "0777",
            "file_permission": "0777",
            "filename": "output.txt",
            "id": "a4b0467fba344f91f87be0a7741b9ef031c9ffcc",
            "sensitive_content": null,
            "source": null
          },
          "sensitive_attributes": [],
          "private": "bnVsbA=="
        }
      ]
    },
    {
      "mode": "managed",
      "type": "local_file",
      "name": "myfile9",
      "provider": "provider[\"registry.terraform.io/hashicorp/local\"]",
      "instances": [
        {
          "schema_version": 0,
          "attributes": {
            "content": "From vfvars created by shaik sucessfull !!!!!!!!",
            "content_base64": null,
            "directory_permission": "0777",
            "file_permission": "0777",
            "filename": "output.txt",
            "id": "a4b0467fba344f91f87be0a7741b9ef031c9ffcc",
            "sensitive_content": null,
            "source": null
          },
          "sensitive_attributes": [],
          "private": "bnVsbA=="
        }
      ]
    },
    {
      "mode": "managed",
      "type": "random_id",
      "name": "content",
      "provider": "provider[\"registry.terraform.io/hashicorp/random\"]",
      "instances": [
        {
          "schema_version": 0,
          "attributes": {
            "b64_std": "RZYmdtC7zhuxdQ==",
            "b64_url": "RZYmdtC7zhuxdQ",
            "byte_length": 10,
            "dec": "328613070561187680989557",
            "hex": "45962676d0bbce1bb175",
            "id": "RZYmdtC7zhuxdQ",
            "keepers": null,
            "prefix": null
          },
          "sensitive_attributes": [],
          "private": "bnVsbA=="
        }
      ]
    }
  ]
}
